{
  "version": 4,
  "terraform_version": "0.14.3",
  "serial": 47,
  "lineage": "ba778153-4915-a7e9-37a2-1e612c2a3d4b",
  "outputs": {
    "Linux-VM": {
      "value": [
        "ks-kubeadm-001",
        "ks-kubeadm-002",
        "ks-kubeadm-003",
        "ks-kubeadm-004",
        "ks-kubeadm-005",
        "ks-kubeadm-006",
        "ks-kubeadm-007"
      ],
      "type": [
        "tuple",
        [
          "string",
          "string",
          "string",
          "string",
          "string",
          "string",
          "string"
        ]
      ]
    },
    "Linux-ip": {
      "value": [
        "10.42.117.121",
        "10.42.117.122",
        "10.42.117.123",
        "10.42.117.124",
        "10.42.117.125",
        "10.42.117.126",
        "10.42.117.127"
      ],
      "type": [
        "tuple",
        [
          "string",
          "string",
          "string",
          "string",
          "string",
          "string",
          "string"
        ]
      ]
    },
    "keygen_privatekey": {
      "value": "-----BEGIN RSA PRIVATE KEY-----\nMIIJKwIBAAKCAgEAzXx24CjQz9D9f08JiDItjb3NcahVoN6DrxFHQrQQRXb98CrN\nSMozW+ewr6zrIa+qwnQO6CzsB+e2TbKbL2PjGliTWpDKtee9fnhYcomo5xFeDkj/\nV8Ws94MGN89lfOUQAEiIO7udChQHclzRdGZyBDzSgJQ4nRDUs3Cm7CL7tCi9tPiF\n9vnvuDx6jxon0cwBZd2xGLbNPTgyFBB+oePq054xEPWK6G64rdaaFbQmv1xaPt3J\n62/O77EXzF1hDbNo8eu07b/k0HIBcIVS6XfQqkJAzC4OoNX6sQBHL1J4a28dANxW\n/x6PGC5zcLKtowcJERp8BPlstGWAtXnXCrOc+V54OQIc/0VbA7944upNcWfxSlUS\nQffVbjKrH9hs/C3o9ryw8mCIMMihlShHB24usKfvGEXgiFGN/W9C8ck2A8ZX+BBj\nj+orudDMY2pOpzWgI2ufUxPgZp4HkR8LB1pKORfopQ/vNi6zYqcNs3OJH6nKe5nP\ntcBG9GvXoaJO1tLTsK/A1ujP2u1KRPil1eNnaJ3Y2HIuwDrQiiszoiI4bNn/hjrg\nUosHNWsWU03VQ+QxPRzatgRjs0TEToDepynrNSYMLAp84Uz3EE+O57U014wuqX/u\n3pIny96SBdtP20LFPSPyIxm8WhCo+o+V3Jr94XsMEG2E2DoiJ1ThEOtuRcMCAwEA\nAQKCAgEAkkOq9in3YEV5e3oN5eUZqc/VgbZ5pPVeNGoPGDrFbjyhyqcc0lgjMKL9\nkD58a9D3skwcJEV9iK71g97DOXtXNvSfhpKTx+F5b6FIC9dS447oLTDmmFp7oP6h\nmW5F5h3CQwFd/26u/HJ/TnclHD6jn8KPb7iRh7NoQ4XHO0Q3d+icCEnySXdkm/Zo\nop3ShDI7OIARw+6yroXml4OaL6/lAdaTRGgTBRly2UJtEU/XWNTq497JEI3YdaLP\ntsctAyyWYcUOV0EFJR5RSf+MoeSIIfjg2LVb8j39oKn7AYMpdgd0VJ2CSzw8TNEb\nmLeGgwnJ+WOprXzBVLL/Z62fVN2+uDdLtqMsOT1j3a/8zV6Qn7k6uz6vGg13JKRU\n4Fa0Gg0tGel2dYgd01bA4AwrHSOe+UZoOIv5FPRnvdd5e2Pg/B3etT2/Hf3/UPD/\nwVJZifZ3j1Std9QcsNMkJBulvdOR5HedE99DW+OSoNprjWdH0vmNVs9yWKcakJBC\n7h1ckqRKfXUswGU6qY6DldmYqUEkL4a7tQ4Ly5fxn1VcHUX+55tQxZ5sOVCqTzlC\nU1aEqgxIufeeS0a+cDIuTyuajTtLEXyjQhDTDh1YHtTeT/Kv4YohehNrTLsGoD4a\nv9g6xk8oLi8XCoMlgVfnkqJRlStFOXLKJ8fAHMwgHoSHh4XzLHECggEBAOyHTKOQ\nva0ThUUKkd8VQ0dPzesVVHzNndHD0uDNHo04YQ9SvwgYFAEPaTKLcXFLHGZ2mzO/\n6mq3bCwiw2lbrw17/Ii/+XtBKyfmGZojjM5QVBUyvUcTqzy9TuYGaON1RbfKunKC\n51i2ptanUCDXoTzE00rqo4qK6EfFQeM6UvUNLKSGQ4YU9Rb9/bEKcnpPykdXEbg/\ncgey22jtBYw6xzUt7oeRQrWUJMvfZ8MFfr89/701VBkUzP/lxsubQVSt8bK7xPnB\n92fDiR7pJ0F3VZAgHg2/HuefCjwkAog00CUpwcnm8wANGCvlKzCZKRgF3VSAHbBa\nemewo8XL+7f0znsCggEBAN5m91FuzQ1/eBdc1JyTGxdTlY0iqcTjv2QmQic06l5r\nGm9N84TvvU+OqoZL+TbNEDNvhvmnZbnbPHayvSX4lzUezohuyoA04l5qWawb3ghG\n3EVhU7DdMLAgvJc2GY2740KxniKcSti9QQeqT7SAQYgA/EAowzMfBYYJgPDB4UIf\n3pEbmuBpQdEnthaU7K2AKxKh9TWR8Cr0VKNyzSb6L7n3cp5MBH8iUXObA543Z2hb\nofO0iO0ascfHGzWbl84/CCEIEdQZsCrDY7vEhz9TyijzzTOKk4l6sffkI1L1pYrg\nqLkq+EnYacQCOxBml0nnk4p/fN9mICNRRQQ4ETQNZ1kCggEBAL76b9MRp1T8Efsx\nEZ8CWBRYR3es/U7X5rncV4TTmfuErjnlIgGzD1Pb0aDSHoLPltrUoXQjXW9VMq5g\nU0/ai3ljxv/Toej3MZVBoSJn2eUrzvhew52EMBsW74GjY0VlBynjMrALKijjMcrX\nxUb/VFzwv3oaAnp2th5dE1oZWaorPQSKtDKq8UnjQteUC+LeUgFQOCqAb93veGE8\nH+KeAwLZV2N20loyh5Nliy5YXYKk2L05NfIabXuhV+ZGMXXiDOm32s+e4diSdUDU\nGLIvXJLGm/2Vd6qlK2pr2O+JVRbspGAVbdd4uy+WFk1jHV8cPR1hZJdkNrlKUrH+\nhfx+WckCggEBAKYzrH9enj6IE+bhqMGZ7ZTxEcH3NYe96zmcnbNPCBanU4n6ZxHh\nV0gtBaJ3BDa/6GuH3QaU4qCSBg1uZYwKynUYIKA0q4BEBScpsvm7maH10obGxRRX\nOBtnW4hlFZOl5Z/hvJuA0S5HwGFKFWZ+snpAwkHwNG/vruEMGR/Sw9P2nQ0z4/nw\nrw7u7lTR1k2Sip3SCr2N4j03ekjrcgS+0wvWsAE8LeAUdWo/XeTO4qhKUi0drXYD\njPgPA3Z8YGXxFNIahbhLuis6+T1JEQlyRJF2INNzq+4Bkx39j6hfiubOHUjDo+kL\noX6pbBpFkKnaNZg6zcblOv8prLoKbFDJ84ECggEBAM45RTzB+/mh9TKzfRf3KnWb\n60lrI9TF58xvq+poPdV+w/AOlNzPQhgl5xyyq0LW9jo31Vn7Hrzm/pzG46Ra4X2A\nJGuIHEsdbRtbTOrC/dYC7CWj5JjeD69bnH6x2BjOyXYs8POJY37efra0uj1JmYCk\nTcfyIceh/L+WnrdWDTEdgGxNesDtAzelJ94UVWsMotyCyUu/4zvp4seael9H4lJM\nax7K1/MIspI8XVcTY9Z0cfEZtBSYyi9/xxCs1ARCg7s6mT2/kjxgBejGRDdVkw5k\nC4XGnsSTwrMWZI26WGV5/2N3MDUW1T9wV8bkE3p4mFYvhXyg0+uaVwrsEqQATqQ=\n-----END RSA PRIVATE KEY-----\n",
      "type": "string"
    },
    "keygen_pubkey": {
      "value": "ssh-rsa AAAAB3NzaC1yc2EAAAADAQABAAACAQDNfHbgKNDP0P1/TwmIMi2Nvc1xqFWg3oOvEUdCtBBFdv3wKs1IyjNb57CvrOshr6rCdA7oLOwH57ZNspsvY+MaWJNakMq1571+eFhyiajnEV4OSP9Xxaz3gwY3z2V85RAASIg7u50KFAdyXNF0ZnIEPNKAlDidENSzcKbsIvu0KL20+IX2+e+4PHqPGifRzAFl3bEYts09ODIUEH6h4+rTnjEQ9Yrobrit1poVtCa/XFo+3cnrb87vsRfMXWENs2jx67Ttv+TQcgFwhVLpd9CqQkDMLg6g1fqxAEcvUnhrbx0A3Fb/Ho8YLnNwsq2jBwkRGnwE+Wy0ZYC1edcKs5z5Xng5Ahz/RVsDv3ji6k1xZ/FKVRJB99VuMqsf2Gz8Lej2vLDyYIgwyKGVKEcHbi6wp+8YReCIUY39b0LxyTYDxlf4EGOP6iu50Mxjak6nNaAja59TE+BmngeRHwsHWko5F+ilD+82LrNipw2zc4kfqcp7mc+1wEb0a9ehok7W0tOwr8DW6M/a7UpE+KXV42dondjYci7AOtCKKzOiIjhs2f+GOuBSiwc1axZTTdVD5DE9HNq2BGOzRMROgN6nKes1JgwsCnzhTPcQT47ntTTXjC6pf+7ekifL3pIF20/bQsU9I/IjGbxaEKj6j5Xcmv3hewwQbYTYOiInVOEQ625Fww==\n",
      "type": "string"
    }
  },
  "resources": [
    {
      "mode": "data",
      "type": "vsphere_compute_cluster",
      "name": "cluster",
      "provider": "provider[\"registry.terraform.io/hashicorp/vsphere\"]",
      "instances": [
        {
          "schema_version": 0,
          "attributes": {
            "datacenter_id": "datacenter-12",
            "id": "domain-c19",
            "name": "UCS-vSAN",
            "resource_pool_id": "resgroup-20"
          },
          "sensitive_attributes": []
        }
      ]
    },
    {
      "mode": "data",
      "type": "vsphere_datacenter",
      "name": "dc",
      "provider": "provider[\"registry.terraform.io/hashicorp/vsphere\"]",
      "instances": [
        {
          "schema_version": 0,
          "attributes": {
            "id": "datacenter-12",
            "name": "PIC"
          },
          "sensitive_attributes": []
        }
      ]
    },
    {
      "mode": "data",
      "type": "vsphere_datastore",
      "name": "datastore",
      "provider": "provider[\"registry.terraform.io/hashicorp/vsphere\"]",
      "instances": [
        {
          "schema_version": 0,
          "attributes": {
            "datacenter_id": "datacenter-12",
            "id": "datastore-420",
            "name": "V9KDS5T (4)"
          },
          "sensitive_attributes": []
        }
      ]
    },
    {
      "mode": "data",
      "type": "vsphere_network",
      "name": "network_1",
      "provider": "provider[\"registry.terraform.io/hashicorp/vsphere\"]",
      "instances": [
        {
          "schema_version": 0,
          "attributes": {
            "datacenter_id": "datacenter-12",
            "distributed_virtual_switch_uuid": null,
            "id": "network-27",
            "name": "VM Network",
            "type": "Network"
          },
          "sensitive_attributes": []
        }
      ]
    },
    {
      "mode": "data",
      "type": "vsphere_resource_pool",
      "name": "pool",
      "provider": "provider[\"registry.terraform.io/hashicorp/vsphere\"]",
      "instances": [
        {
          "schema_version": 0,
          "attributes": {
            "datacenter_id": "datacenter-12",
            "id": "resgroup-879",
            "name": "k8s"
          },
          "sensitive_attributes": []
        }
      ]
    },
    {
      "mode": "data",
      "type": "vsphere_virtual_machine",
      "name": "template",
      "provider": "provider[\"registry.terraform.io/hashicorp/vsphere\"]",
      "instances": [
        {
          "schema_version": 0,
          "attributes": {
            "alternate_guest_name": "",
            "annotation": "",
            "boot_delay": 0,
            "boot_retry_delay": 10000,
            "boot_retry_enabled": false,
            "change_version": "2020-12-23T06:48:00.354755Z",
            "cpu_hot_add_enabled": false,
            "cpu_hot_remove_enabled": false,
            "cpu_limit": -1,
            "cpu_performance_counters_enabled": false,
            "cpu_reservation": 0,
            "cpu_share_count": 8000,
            "cpu_share_level": "normal",
            "datacenter_id": "datacenter-12",
            "disks": [
              {
                "eagerly_scrub": false,
                "label": "Hard disk 1",
                "size": 120,
                "thin_provisioned": true,
                "unit_number": 0
              }
            ],
            "efi_secure_boot_enabled": false,
            "enable_disk_uuid": false,
            "enable_logging": true,
            "ept_rvi_mode": "automatic",
            "extra_config": {},
            "firmware": "bios",
            "guest_id": "centos7_64Guest",
            "guest_ip_addresses": [],
            "hardware_version": 14,
            "hv_mode": "hvAuto",
            "id": "421eb2cc-c8ec-8042-a365-a456625d2759",
            "ide_controller_scan_count": 2,
            "latency_sensitivity": "normal",
            "memory": 8192,
            "memory_hot_add_enabled": false,
            "memory_limit": -1,
            "memory_reservation": 0,
            "memory_share_count": 81920,
            "memory_share_level": "normal",
            "name": "template_centos7.9.2009",
            "nested_hv_enabled": false,
            "network_interface_types": [
              "vmxnet3"
            ],
            "num_cores_per_socket": 1,
            "num_cpus": 8,
            "run_tools_scripts_after_power_on": true,
            "run_tools_scripts_after_resume": true,
            "run_tools_scripts_before_guest_reboot": false,
            "run_tools_scripts_before_guest_shutdown": true,
            "run_tools_scripts_before_guest_standby": true,
            "sata_controller_scan_count": 0,
            "scsi_bus_sharing": "noSharing",
            "scsi_controller_scan_count": 1,
            "scsi_type": "pvscsi",
            "storage_policy_id": null,
            "swap_placement_policy": "inherit",
            "sync_time_with_host": false,
            "uuid": "421eb2cc-c8ec-8042-a365-a456625d2759",
            "vapp": null,
            "vapp_transport": []
          },
          "sensitive_attributes": []
        }
      ]
    },
    {
      "mode": "managed",
      "type": "local_file",
      "name": "private_key_pem",
      "provider": "provider[\"registry.terraform.io/hashicorp/local\"]",
      "instances": [
        {
          "schema_version": 0,
          "attributes": {
            "content": "-----BEGIN RSA PRIVATE KEY-----\nMIIJKwIBAAKCAgEAzXx24CjQz9D9f08JiDItjb3NcahVoN6DrxFHQrQQRXb98CrN\nSMozW+ewr6zrIa+qwnQO6CzsB+e2TbKbL2PjGliTWpDKtee9fnhYcomo5xFeDkj/\nV8Ws94MGN89lfOUQAEiIO7udChQHclzRdGZyBDzSgJQ4nRDUs3Cm7CL7tCi9tPiF\n9vnvuDx6jxon0cwBZd2xGLbNPTgyFBB+oePq054xEPWK6G64rdaaFbQmv1xaPt3J\n62/O77EXzF1hDbNo8eu07b/k0HIBcIVS6XfQqkJAzC4OoNX6sQBHL1J4a28dANxW\n/x6PGC5zcLKtowcJERp8BPlstGWAtXnXCrOc+V54OQIc/0VbA7944upNcWfxSlUS\nQffVbjKrH9hs/C3o9ryw8mCIMMihlShHB24usKfvGEXgiFGN/W9C8ck2A8ZX+BBj\nj+orudDMY2pOpzWgI2ufUxPgZp4HkR8LB1pKORfopQ/vNi6zYqcNs3OJH6nKe5nP\ntcBG9GvXoaJO1tLTsK/A1ujP2u1KRPil1eNnaJ3Y2HIuwDrQiiszoiI4bNn/hjrg\nUosHNWsWU03VQ+QxPRzatgRjs0TEToDepynrNSYMLAp84Uz3EE+O57U014wuqX/u\n3pIny96SBdtP20LFPSPyIxm8WhCo+o+V3Jr94XsMEG2E2DoiJ1ThEOtuRcMCAwEA\nAQKCAgEAkkOq9in3YEV5e3oN5eUZqc/VgbZ5pPVeNGoPGDrFbjyhyqcc0lgjMKL9\nkD58a9D3skwcJEV9iK71g97DOXtXNvSfhpKTx+F5b6FIC9dS447oLTDmmFp7oP6h\nmW5F5h3CQwFd/26u/HJ/TnclHD6jn8KPb7iRh7NoQ4XHO0Q3d+icCEnySXdkm/Zo\nop3ShDI7OIARw+6yroXml4OaL6/lAdaTRGgTBRly2UJtEU/XWNTq497JEI3YdaLP\ntsctAyyWYcUOV0EFJR5RSf+MoeSIIfjg2LVb8j39oKn7AYMpdgd0VJ2CSzw8TNEb\nmLeGgwnJ+WOprXzBVLL/Z62fVN2+uDdLtqMsOT1j3a/8zV6Qn7k6uz6vGg13JKRU\n4Fa0Gg0tGel2dYgd01bA4AwrHSOe+UZoOIv5FPRnvdd5e2Pg/B3etT2/Hf3/UPD/\nwVJZifZ3j1Std9QcsNMkJBulvdOR5HedE99DW+OSoNprjWdH0vmNVs9yWKcakJBC\n7h1ckqRKfXUswGU6qY6DldmYqUEkL4a7tQ4Ly5fxn1VcHUX+55tQxZ5sOVCqTzlC\nU1aEqgxIufeeS0a+cDIuTyuajTtLEXyjQhDTDh1YHtTeT/Kv4YohehNrTLsGoD4a\nv9g6xk8oLi8XCoMlgVfnkqJRlStFOXLKJ8fAHMwgHoSHh4XzLHECggEBAOyHTKOQ\nva0ThUUKkd8VQ0dPzesVVHzNndHD0uDNHo04YQ9SvwgYFAEPaTKLcXFLHGZ2mzO/\n6mq3bCwiw2lbrw17/Ii/+XtBKyfmGZojjM5QVBUyvUcTqzy9TuYGaON1RbfKunKC\n51i2ptanUCDXoTzE00rqo4qK6EfFQeM6UvUNLKSGQ4YU9Rb9/bEKcnpPykdXEbg/\ncgey22jtBYw6xzUt7oeRQrWUJMvfZ8MFfr89/701VBkUzP/lxsubQVSt8bK7xPnB\n92fDiR7pJ0F3VZAgHg2/HuefCjwkAog00CUpwcnm8wANGCvlKzCZKRgF3VSAHbBa\nemewo8XL+7f0znsCggEBAN5m91FuzQ1/eBdc1JyTGxdTlY0iqcTjv2QmQic06l5r\nGm9N84TvvU+OqoZL+TbNEDNvhvmnZbnbPHayvSX4lzUezohuyoA04l5qWawb3ghG\n3EVhU7DdMLAgvJc2GY2740KxniKcSti9QQeqT7SAQYgA/EAowzMfBYYJgPDB4UIf\n3pEbmuBpQdEnthaU7K2AKxKh9TWR8Cr0VKNyzSb6L7n3cp5MBH8iUXObA543Z2hb\nofO0iO0ascfHGzWbl84/CCEIEdQZsCrDY7vEhz9TyijzzTOKk4l6sffkI1L1pYrg\nqLkq+EnYacQCOxBml0nnk4p/fN9mICNRRQQ4ETQNZ1kCggEBAL76b9MRp1T8Efsx\nEZ8CWBRYR3es/U7X5rncV4TTmfuErjnlIgGzD1Pb0aDSHoLPltrUoXQjXW9VMq5g\nU0/ai3ljxv/Toej3MZVBoSJn2eUrzvhew52EMBsW74GjY0VlBynjMrALKijjMcrX\nxUb/VFzwv3oaAnp2th5dE1oZWaorPQSKtDKq8UnjQteUC+LeUgFQOCqAb93veGE8\nH+KeAwLZV2N20loyh5Nliy5YXYKk2L05NfIabXuhV+ZGMXXiDOm32s+e4diSdUDU\nGLIvXJLGm/2Vd6qlK2pr2O+JVRbspGAVbdd4uy+WFk1jHV8cPR1hZJdkNrlKUrH+\nhfx+WckCggEBAKYzrH9enj6IE+bhqMGZ7ZTxEcH3NYe96zmcnbNPCBanU4n6ZxHh\nV0gtBaJ3BDa/6GuH3QaU4qCSBg1uZYwKynUYIKA0q4BEBScpsvm7maH10obGxRRX\nOBtnW4hlFZOl5Z/hvJuA0S5HwGFKFWZ+snpAwkHwNG/vruEMGR/Sw9P2nQ0z4/nw\nrw7u7lTR1k2Sip3SCr2N4j03ekjrcgS+0wvWsAE8LeAUdWo/XeTO4qhKUi0drXYD\njPgPA3Z8YGXxFNIahbhLuis6+T1JEQlyRJF2INNzq+4Bkx39j6hfiubOHUjDo+kL\noX6pbBpFkKnaNZg6zcblOv8prLoKbFDJ84ECggEBAM45RTzB+/mh9TKzfRf3KnWb\n60lrI9TF58xvq+poPdV+w/AOlNzPQhgl5xyyq0LW9jo31Vn7Hrzm/pzG46Ra4X2A\nJGuIHEsdbRtbTOrC/dYC7CWj5JjeD69bnH6x2BjOyXYs8POJY37efra0uj1JmYCk\nTcfyIceh/L+WnrdWDTEdgGxNesDtAzelJ94UVWsMotyCyUu/4zvp4seael9H4lJM\nax7K1/MIspI8XVcTY9Z0cfEZtBSYyi9/xxCs1ARCg7s6mT2/kjxgBejGRDdVkw5k\nC4XGnsSTwrMWZI26WGV5/2N3MDUW1T9wV8bkE3p4mFYvhXyg0+uaVwrsEqQATqQ=\n-----END RSA PRIVATE KEY-----\n",
            "content_base64": null,
            "directory_permission": "0777",
            "file_permission": "0777",
            "filename": "example.id_rsa",
            "id": "e2219037bb91194a0b328b77f9764be04ca58ca0",
            "sensitive_content": null,
            "source": null
          },
          "sensitive_attributes": [],
          "private": "bnVsbA==",
          "dependencies": [
            "tls_private_key.keygen"
          ]
        }
      ]
    },
    {
      "mode": "managed",
      "type": "local_file",
      "name": "public_key_openssh",
      "provider": "provider[\"registry.terraform.io/hashicorp/local\"]",
      "instances": [
        {
          "schema_version": 0,
          "attributes": {
            "content": "ssh-rsa AAAAB3NzaC1yc2EAAAADAQABAAACAQDNfHbgKNDP0P1/TwmIMi2Nvc1xqFWg3oOvEUdCtBBFdv3wKs1IyjNb57CvrOshr6rCdA7oLOwH57ZNspsvY+MaWJNakMq1571+eFhyiajnEV4OSP9Xxaz3gwY3z2V85RAASIg7u50KFAdyXNF0ZnIEPNKAlDidENSzcKbsIvu0KL20+IX2+e+4PHqPGifRzAFl3bEYts09ODIUEH6h4+rTnjEQ9Yrobrit1poVtCa/XFo+3cnrb87vsRfMXWENs2jx67Ttv+TQcgFwhVLpd9CqQkDMLg6g1fqxAEcvUnhrbx0A3Fb/Ho8YLnNwsq2jBwkRGnwE+Wy0ZYC1edcKs5z5Xng5Ahz/RVsDv3ji6k1xZ/FKVRJB99VuMqsf2Gz8Lej2vLDyYIgwyKGVKEcHbi6wp+8YReCIUY39b0LxyTYDxlf4EGOP6iu50Mxjak6nNaAja59TE+BmngeRHwsHWko5F+ilD+82LrNipw2zc4kfqcp7mc+1wEb0a9ehok7W0tOwr8DW6M/a7UpE+KXV42dondjYci7AOtCKKzOiIjhs2f+GOuBSiwc1axZTTdVD5DE9HNq2BGOzRMROgN6nKes1JgwsCnzhTPcQT47ntTTXjC6pf+7ekifL3pIF20/bQsU9I/IjGbxaEKj6j5Xcmv3hewwQbYTYOiInVOEQ625Fww==\n",
            "content_base64": null,
            "directory_permission": "0777",
            "file_permission": "0777",
            "filename": "example.id_rsa.pub",
            "id": "5339baef4f0f86ce42574237262bc69bc401b75d",
            "sensitive_content": null,
            "source": null
          },
          "sensitive_attributes": [],
          "private": "bnVsbA==",
          "dependencies": [
            "tls_private_key.keygen"
          ]
        }
      ]
    },
    {
      "mode": "managed",
      "type": "tls_private_key",
      "name": "keygen",
      "provider": "provider[\"registry.terraform.io/hashicorp/tls\"]",
      "instances": [
        {
          "schema_version": 0,
          "attributes": {
            "algorithm": "RSA",
            "ecdsa_curve": "P224",
            "id": "2ac772801d69178f8bd4e5cb4603574415460513",
            "private_key_pem": "-----BEGIN RSA PRIVATE KEY-----\nMIIJKwIBAAKCAgEAzXx24CjQz9D9f08JiDItjb3NcahVoN6DrxFHQrQQRXb98CrN\nSMozW+ewr6zrIa+qwnQO6CzsB+e2TbKbL2PjGliTWpDKtee9fnhYcomo5xFeDkj/\nV8Ws94MGN89lfOUQAEiIO7udChQHclzRdGZyBDzSgJQ4nRDUs3Cm7CL7tCi9tPiF\n9vnvuDx6jxon0cwBZd2xGLbNPTgyFBB+oePq054xEPWK6G64rdaaFbQmv1xaPt3J\n62/O77EXzF1hDbNo8eu07b/k0HIBcIVS6XfQqkJAzC4OoNX6sQBHL1J4a28dANxW\n/x6PGC5zcLKtowcJERp8BPlstGWAtXnXCrOc+V54OQIc/0VbA7944upNcWfxSlUS\nQffVbjKrH9hs/C3o9ryw8mCIMMihlShHB24usKfvGEXgiFGN/W9C8ck2A8ZX+BBj\nj+orudDMY2pOpzWgI2ufUxPgZp4HkR8LB1pKORfopQ/vNi6zYqcNs3OJH6nKe5nP\ntcBG9GvXoaJO1tLTsK/A1ujP2u1KRPil1eNnaJ3Y2HIuwDrQiiszoiI4bNn/hjrg\nUosHNWsWU03VQ+QxPRzatgRjs0TEToDepynrNSYMLAp84Uz3EE+O57U014wuqX/u\n3pIny96SBdtP20LFPSPyIxm8WhCo+o+V3Jr94XsMEG2E2DoiJ1ThEOtuRcMCAwEA\nAQKCAgEAkkOq9in3YEV5e3oN5eUZqc/VgbZ5pPVeNGoPGDrFbjyhyqcc0lgjMKL9\nkD58a9D3skwcJEV9iK71g97DOXtXNvSfhpKTx+F5b6FIC9dS447oLTDmmFp7oP6h\nmW5F5h3CQwFd/26u/HJ/TnclHD6jn8KPb7iRh7NoQ4XHO0Q3d+icCEnySXdkm/Zo\nop3ShDI7OIARw+6yroXml4OaL6/lAdaTRGgTBRly2UJtEU/XWNTq497JEI3YdaLP\ntsctAyyWYcUOV0EFJR5RSf+MoeSIIfjg2LVb8j39oKn7AYMpdgd0VJ2CSzw8TNEb\nmLeGgwnJ+WOprXzBVLL/Z62fVN2+uDdLtqMsOT1j3a/8zV6Qn7k6uz6vGg13JKRU\n4Fa0Gg0tGel2dYgd01bA4AwrHSOe+UZoOIv5FPRnvdd5e2Pg/B3etT2/Hf3/UPD/\nwVJZifZ3j1Std9QcsNMkJBulvdOR5HedE99DW+OSoNprjWdH0vmNVs9yWKcakJBC\n7h1ckqRKfXUswGU6qY6DldmYqUEkL4a7tQ4Ly5fxn1VcHUX+55tQxZ5sOVCqTzlC\nU1aEqgxIufeeS0a+cDIuTyuajTtLEXyjQhDTDh1YHtTeT/Kv4YohehNrTLsGoD4a\nv9g6xk8oLi8XCoMlgVfnkqJRlStFOXLKJ8fAHMwgHoSHh4XzLHECggEBAOyHTKOQ\nva0ThUUKkd8VQ0dPzesVVHzNndHD0uDNHo04YQ9SvwgYFAEPaTKLcXFLHGZ2mzO/\n6mq3bCwiw2lbrw17/Ii/+XtBKyfmGZojjM5QVBUyvUcTqzy9TuYGaON1RbfKunKC\n51i2ptanUCDXoTzE00rqo4qK6EfFQeM6UvUNLKSGQ4YU9Rb9/bEKcnpPykdXEbg/\ncgey22jtBYw6xzUt7oeRQrWUJMvfZ8MFfr89/701VBkUzP/lxsubQVSt8bK7xPnB\n92fDiR7pJ0F3VZAgHg2/HuefCjwkAog00CUpwcnm8wANGCvlKzCZKRgF3VSAHbBa\nemewo8XL+7f0znsCggEBAN5m91FuzQ1/eBdc1JyTGxdTlY0iqcTjv2QmQic06l5r\nGm9N84TvvU+OqoZL+TbNEDNvhvmnZbnbPHayvSX4lzUezohuyoA04l5qWawb3ghG\n3EVhU7DdMLAgvJc2GY2740KxniKcSti9QQeqT7SAQYgA/EAowzMfBYYJgPDB4UIf\n3pEbmuBpQdEnthaU7K2AKxKh9TWR8Cr0VKNyzSb6L7n3cp5MBH8iUXObA543Z2hb\nofO0iO0ascfHGzWbl84/CCEIEdQZsCrDY7vEhz9TyijzzTOKk4l6sffkI1L1pYrg\nqLkq+EnYacQCOxBml0nnk4p/fN9mICNRRQQ4ETQNZ1kCggEBAL76b9MRp1T8Efsx\nEZ8CWBRYR3es/U7X5rncV4TTmfuErjnlIgGzD1Pb0aDSHoLPltrUoXQjXW9VMq5g\nU0/ai3ljxv/Toej3MZVBoSJn2eUrzvhew52EMBsW74GjY0VlBynjMrALKijjMcrX\nxUb/VFzwv3oaAnp2th5dE1oZWaorPQSKtDKq8UnjQteUC+LeUgFQOCqAb93veGE8\nH+KeAwLZV2N20loyh5Nliy5YXYKk2L05NfIabXuhV+ZGMXXiDOm32s+e4diSdUDU\nGLIvXJLGm/2Vd6qlK2pr2O+JVRbspGAVbdd4uy+WFk1jHV8cPR1hZJdkNrlKUrH+\nhfx+WckCggEBAKYzrH9enj6IE+bhqMGZ7ZTxEcH3NYe96zmcnbNPCBanU4n6ZxHh\nV0gtBaJ3BDa/6GuH3QaU4qCSBg1uZYwKynUYIKA0q4BEBScpsvm7maH10obGxRRX\nOBtnW4hlFZOl5Z/hvJuA0S5HwGFKFWZ+snpAwkHwNG/vruEMGR/Sw9P2nQ0z4/nw\nrw7u7lTR1k2Sip3SCr2N4j03ekjrcgS+0wvWsAE8LeAUdWo/XeTO4qhKUi0drXYD\njPgPA3Z8YGXxFNIahbhLuis6+T1JEQlyRJF2INNzq+4Bkx39j6hfiubOHUjDo+kL\noX6pbBpFkKnaNZg6zcblOv8prLoKbFDJ84ECggEBAM45RTzB+/mh9TKzfRf3KnWb\n60lrI9TF58xvq+poPdV+w/AOlNzPQhgl5xyyq0LW9jo31Vn7Hrzm/pzG46Ra4X2A\nJGuIHEsdbRtbTOrC/dYC7CWj5JjeD69bnH6x2BjOyXYs8POJY37efra0uj1JmYCk\nTcfyIceh/L+WnrdWDTEdgGxNesDtAzelJ94UVWsMotyCyUu/4zvp4seael9H4lJM\nax7K1/MIspI8XVcTY9Z0cfEZtBSYyi9/xxCs1ARCg7s6mT2/kjxgBejGRDdVkw5k\nC4XGnsSTwrMWZI26WGV5/2N3MDUW1T9wV8bkE3p4mFYvhXyg0+uaVwrsEqQATqQ=\n-----END RSA PRIVATE KEY-----\n",
            "public_key_fingerprint_md5": "14:9d:1f:49:60:8a:2a:30:d4:7f:13:1e:70:01:56:65",
            "public_key_openssh": "ssh-rsa AAAAB3NzaC1yc2EAAAADAQABAAACAQDNfHbgKNDP0P1/TwmIMi2Nvc1xqFWg3oOvEUdCtBBFdv3wKs1IyjNb57CvrOshr6rCdA7oLOwH57ZNspsvY+MaWJNakMq1571+eFhyiajnEV4OSP9Xxaz3gwY3z2V85RAASIg7u50KFAdyXNF0ZnIEPNKAlDidENSzcKbsIvu0KL20+IX2+e+4PHqPGifRzAFl3bEYts09ODIUEH6h4+rTnjEQ9Yrobrit1poVtCa/XFo+3cnrb87vsRfMXWENs2jx67Ttv+TQcgFwhVLpd9CqQkDMLg6g1fqxAEcvUnhrbx0A3Fb/Ho8YLnNwsq2jBwkRGnwE+Wy0ZYC1edcKs5z5Xng5Ahz/RVsDv3ji6k1xZ/FKVRJB99VuMqsf2Gz8Lej2vLDyYIgwyKGVKEcHbi6wp+8YReCIUY39b0LxyTYDxlf4EGOP6iu50Mxjak6nNaAja59TE+BmngeRHwsHWko5F+ilD+82LrNipw2zc4kfqcp7mc+1wEb0a9ehok7W0tOwr8DW6M/a7UpE+KXV42dondjYci7AOtCKKzOiIjhs2f+GOuBSiwc1axZTTdVD5DE9HNq2BGOzRMROgN6nKes1JgwsCnzhTPcQT47ntTTXjC6pf+7ekifL3pIF20/bQsU9I/IjGbxaEKj6j5Xcmv3hewwQbYTYOiInVOEQ625Fww==\n",
            "public_key_pem": "-----BEGIN PUBLIC KEY-----\nMIICIjANBgkqhkiG9w0BAQEFAAOCAg8AMIICCgKCAgEAzXx24CjQz9D9f08JiDIt\njb3NcahVoN6DrxFHQrQQRXb98CrNSMozW+ewr6zrIa+qwnQO6CzsB+e2TbKbL2Pj\nGliTWpDKtee9fnhYcomo5xFeDkj/V8Ws94MGN89lfOUQAEiIO7udChQHclzRdGZy\nBDzSgJQ4nRDUs3Cm7CL7tCi9tPiF9vnvuDx6jxon0cwBZd2xGLbNPTgyFBB+oePq\n054xEPWK6G64rdaaFbQmv1xaPt3J62/O77EXzF1hDbNo8eu07b/k0HIBcIVS6XfQ\nqkJAzC4OoNX6sQBHL1J4a28dANxW/x6PGC5zcLKtowcJERp8BPlstGWAtXnXCrOc\n+V54OQIc/0VbA7944upNcWfxSlUSQffVbjKrH9hs/C3o9ryw8mCIMMihlShHB24u\nsKfvGEXgiFGN/W9C8ck2A8ZX+BBjj+orudDMY2pOpzWgI2ufUxPgZp4HkR8LB1pK\nORfopQ/vNi6zYqcNs3OJH6nKe5nPtcBG9GvXoaJO1tLTsK/A1ujP2u1KRPil1eNn\naJ3Y2HIuwDrQiiszoiI4bNn/hjrgUosHNWsWU03VQ+QxPRzatgRjs0TEToDepynr\nNSYMLAp84Uz3EE+O57U014wuqX/u3pIny96SBdtP20LFPSPyIxm8WhCo+o+V3Jr9\n4XsMEG2E2DoiJ1ThEOtuRcMCAwEAAQ==\n-----END PUBLIC KEY-----\n",
            "rsa_bits": 4096
          },
          "sensitive_attributes": [],
          "private": "bnVsbA=="
        }
      ]
    },
    {
      "mode": "managed",
      "type": "vsphere_virtual_machine",
      "name": "vm",
      "provider": "provider[\"registry.terraform.io/hashicorp/vsphere\"]",
      "instances": [
        {
          "index_key": 0,
          "schema_version": 3,
          "attributes": {
            "alternate_guest_name": "",
            "annotation": "",
            "boot_delay": 0,
            "boot_retry_delay": 10000,
            "boot_retry_enabled": false,
            "cdrom": [],
            "change_version": "2020-12-28T04:57:29.473956Z",
            "clone": [
              {
                "customize": [
                  {
                    "dns_server_list": [
                      "10.42.117.251"
                    ],
                    "dns_suffix_list": [],
                    "ipv4_gateway": "10.42.0.254",
                    "ipv6_gateway": "",
                    "linux_options": [
                      {
                        "domain": "ks-pic.local",
                        "host_name": "ks-kubeadm-001",
                        "hw_clock_utc": true,
                        "time_zone": ""
                      }
                    ],
                    "network_interface": [
                      {
                        "dns_domain": "",
                        "dns_server_list": [],
                        "ipv4_address": "10.42.117.121",
                        "ipv4_netmask": 16,
                        "ipv6_address": "",
                        "ipv6_netmask": 0
                      }
                    ],
                    "timeout": 10,
                    "windows_options": [],
                    "windows_sysprep_text": ""
                  }
                ],
                "linked_clone": false,
                "ovf_network_map": {},
                "ovf_storage_map": {},
                "template_uuid": "421eb2cc-c8ec-8042-a365-a456625d2759",
                "timeout": 30
              }
            ],
            "cpu_hot_add_enabled": false,
            "cpu_hot_remove_enabled": false,
            "cpu_limit": -1,
            "cpu_performance_counters_enabled": false,
            "cpu_reservation": 0,
            "cpu_share_count": 8000,
            "cpu_share_level": "normal",
            "custom_attributes": {},
            "datacenter_id": null,
            "datastore_cluster_id": null,
            "datastore_id": "datastore-420",
            "default_ip_address": "10.42.117.121",
            "disk": [
              {
                "attach": false,
                "controller_type": "scsi",
                "datastore_id": "datastore-420",
                "device_address": "scsi:0:0",
                "disk_mode": "persistent",
                "disk_sharing": "sharingNone",
                "eagerly_scrub": false,
                "io_limit": -1,
                "io_reservation": 0,
                "io_share_count": 1000,
                "io_share_level": "normal",
                "keep_on_remove": false,
                "key": 2000,
                "label": "disk1",
                "name": "",
                "path": "ks-kubeadm-001/ks-kubeadm-001.vmdk",
                "size": 120,
                "storage_policy_id": "",
                "thin_provisioned": true,
                "unit_number": 0,
                "uuid": "6000C296-320d-ccca-97cf-12797630f739",
                "write_through": false
              },
              {
                "attach": false,
                "controller_type": "scsi",
                "datastore_id": "datastore-420",
                "device_address": "scsi:0:1",
                "disk_mode": "persistent",
                "disk_sharing": "sharingNone",
                "eagerly_scrub": false,
                "io_limit": -1,
                "io_reservation": 0,
                "io_share_count": 1000,
                "io_share_level": "normal",
                "keep_on_remove": false,
                "key": 2001,
                "label": "disk0",
                "name": "",
                "path": "ks-kubeadm-001/ks-kubeadm-001_1.vmdk",
                "size": 100,
                "storage_policy_id": "",
                "thin_provisioned": true,
                "unit_number": 1,
                "uuid": "6000C294-f623-6268-1ef6-37cbdb87d483",
                "write_through": false
              }
            ],
            "efi_secure_boot_enabled": false,
            "enable_disk_uuid": false,
            "enable_logging": false,
            "ept_rvi_mode": "automatic",
            "extra_config": {},
            "firmware": "bios",
            "folder": "",
            "force_power_off": true,
            "guest_id": "centos7_64Guest",
            "guest_ip_addresses": [
              "192.168.143.64",
              "10.42.117.121",
              "fe80::250:56ff:fe9e:58e2"
            ],
            "hardware_version": 14,
            "host_system_id": "host-96",
            "hv_mode": "hvAuto",
            "id": "421e840e-9507-3581-8668-3cf48124e57e",
            "ide_controller_count": 2,
            "ignored_guest_ips": null,
            "imported": null,
            "latency_sensitivity": "normal",
            "memory": 16384,
            "memory_hot_add_enabled": false,
            "memory_limit": -1,
            "memory_reservation": 0,
            "memory_share_count": 163840,
            "memory_share_level": "normal",
            "migrate_wait_timeout": 30,
            "moid": "vm-1563",
            "name": "ks-kubeadm-001",
            "nested_hv_enabled": false,
            "network_interface": [
              {
                "adapter_type": "vmxnet3",
                "bandwidth_limit": -1,
                "bandwidth_reservation": 0,
                "bandwidth_share_count": 50,
                "bandwidth_share_level": "normal",
                "device_address": "pci:0:7",
                "key": 4000,
                "mac_address": "00:50:56:9e:58:e2",
                "network_id": "network-27",
                "ovf_mapping": "",
                "use_static_mac": false
              }
            ],
            "num_cores_per_socket": 1,
            "num_cpus": 8,
            "ovf_deploy": [],
            "pci_device_id": [],
            "poweron_timeout": 300,
            "reboot_required": false,
            "resource_pool_id": "resgroup-879",
            "run_tools_scripts_after_power_on": true,
            "run_tools_scripts_after_resume": true,
            "run_tools_scripts_before_guest_reboot": false,
            "run_tools_scripts_before_guest_shutdown": true,
            "run_tools_scripts_before_guest_standby": true,
            "sata_controller_count": 0,
            "scsi_bus_sharing": "noSharing",
            "scsi_controller_count": 1,
            "scsi_type": "pvscsi",
            "shutdown_wait_timeout": 3,
            "storage_policy_id": "",
            "swap_placement_policy": "inherit",
            "sync_time_with_host": false,
            "tags": [],
            "uuid": "421e840e-9507-3581-8668-3cf48124e57e",
            "vapp": [],
            "vapp_transport": [],
            "vmware_tools_status": "guestToolsRunning",
            "vmx_path": "ks-kubeadm-001/ks-kubeadm-001.vmx",
            "wait_for_guest_ip_timeout": 0,
            "wait_for_guest_net_routable": true,
            "wait_for_guest_net_timeout": 5
          },
          "sensitive_attributes": [],
          "private": "eyJzY2hlbWFfdmVyc2lvbiI6IjMifQ==",
          "dependencies": [
            "data.vsphere_datastore.datastore",
            "data.vsphere_network.network_1",
            "data.vsphere_resource_pool.pool",
            "data.vsphere_virtual_machine.template",
            "tls_private_key.keygen"
          ]
        },
        {
          "index_key": 1,
          "schema_version": 3,
          "attributes": {
            "alternate_guest_name": "",
            "annotation": "",
            "boot_delay": 0,
            "boot_retry_delay": 10000,
            "boot_retry_enabled": false,
            "cdrom": [],
            "change_version": "2020-12-28T04:56:41.825421Z",
            "clone": [
              {
                "customize": [
                  {
                    "dns_server_list": [
                      "10.42.117.251"
                    ],
                    "dns_suffix_list": [],
                    "ipv4_gateway": "10.42.0.254",
                    "ipv6_gateway": "",
                    "linux_options": [
                      {
                        "domain": "ks-pic.local",
                        "host_name": "ks-kubeadm-002",
                        "hw_clock_utc": true,
                        "time_zone": ""
                      }
                    ],
                    "network_interface": [
                      {
                        "dns_domain": "",
                        "dns_server_list": [],
                        "ipv4_address": "10.42.117.122",
                        "ipv4_netmask": 16,
                        "ipv6_address": "",
                        "ipv6_netmask": 0
                      }
                    ],
                    "timeout": 10,
                    "windows_options": [],
                    "windows_sysprep_text": ""
                  }
                ],
                "linked_clone": false,
                "ovf_network_map": {},
                "ovf_storage_map": {},
                "template_uuid": "421eb2cc-c8ec-8042-a365-a456625d2759",
                "timeout": 30
              }
            ],
            "cpu_hot_add_enabled": false,
            "cpu_hot_remove_enabled": false,
            "cpu_limit": -1,
            "cpu_performance_counters_enabled": false,
            "cpu_reservation": 0,
            "cpu_share_count": 8000,
            "cpu_share_level": "normal",
            "custom_attributes": {},
            "datacenter_id": null,
            "datastore_cluster_id": null,
            "datastore_id": "datastore-420",
            "default_ip_address": "10.42.117.122",
            "disk": [
              {
                "attach": false,
                "controller_type": "scsi",
                "datastore_id": "datastore-420",
                "device_address": "scsi:0:0",
                "disk_mode": "persistent",
                "disk_sharing": "sharingNone",
                "eagerly_scrub": false,
                "io_limit": -1,
                "io_reservation": 0,
                "io_share_count": 1000,
                "io_share_level": "normal",
                "keep_on_remove": false,
                "key": 2000,
                "label": "disk1",
                "name": "",
                "path": "ks-kubeadm-002/ks-kubeadm-002.vmdk",
                "size": 120,
                "storage_policy_id": "",
                "thin_provisioned": true,
                "unit_number": 0,
                "uuid": "6000C29d-3928-2802-1ad7-cef33e734cd7",
                "write_through": false
              },
              {
                "attach": false,
                "controller_type": "scsi",
                "datastore_id": "datastore-420",
                "device_address": "scsi:0:1",
                "disk_mode": "persistent",
                "disk_sharing": "sharingNone",
                "eagerly_scrub": false,
                "io_limit": -1,
                "io_reservation": 0,
                "io_share_count": 1000,
                "io_share_level": "normal",
                "keep_on_remove": false,
                "key": 2001,
                "label": "disk0",
                "name": "",
                "path": "ks-kubeadm-002/ks-kubeadm-002_1.vmdk",
                "size": 100,
                "storage_policy_id": "",
                "thin_provisioned": true,
                "unit_number": 1,
                "uuid": "6000C299-3ca5-57e3-1ca9-a73eeb79f9ce",
                "write_through": false
              }
            ],
            "efi_secure_boot_enabled": false,
            "enable_disk_uuid": false,
            "enable_logging": false,
            "ept_rvi_mode": "automatic",
            "extra_config": {},
            "firmware": "bios",
            "folder": "",
            "force_power_off": true,
            "guest_id": "centos7_64Guest",
            "guest_ip_addresses": [
              "192.168.219.128",
              "10.42.117.122",
              "fe80::250:56ff:fe9e:bbd4"
            ],
            "hardware_version": 14,
            "host_system_id": "host-98",
            "hv_mode": "hvAuto",
            "id": "421edf0b-06fc-2ca3-1016-b75f7286e9f7",
            "ide_controller_count": 2,
            "ignored_guest_ips": null,
            "imported": null,
            "latency_sensitivity": "normal",
            "memory": 16384,
            "memory_hot_add_enabled": false,
            "memory_limit": -1,
            "memory_reservation": 0,
            "memory_share_count": 163840,
            "memory_share_level": "normal",
            "migrate_wait_timeout": 30,
            "moid": "vm-1562",
            "name": "ks-kubeadm-002",
            "nested_hv_enabled": false,
            "network_interface": [
              {
                "adapter_type": "vmxnet3",
                "bandwidth_limit": -1,
                "bandwidth_reservation": 0,
                "bandwidth_share_count": 50,
                "bandwidth_share_level": "normal",
                "device_address": "pci:0:7",
                "key": 4000,
                "mac_address": "00:50:56:9e:bb:d4",
                "network_id": "network-27",
                "ovf_mapping": "",
                "use_static_mac": false
              }
            ],
            "num_cores_per_socket": 1,
            "num_cpus": 8,
            "ovf_deploy": [],
            "pci_device_id": [],
            "poweron_timeout": 300,
            "reboot_required": false,
            "resource_pool_id": "resgroup-879",
            "run_tools_scripts_after_power_on": true,
            "run_tools_scripts_after_resume": true,
            "run_tools_scripts_before_guest_reboot": false,
            "run_tools_scripts_before_guest_shutdown": true,
            "run_tools_scripts_before_guest_standby": true,
            "sata_controller_count": 0,
            "scsi_bus_sharing": "noSharing",
            "scsi_controller_count": 1,
            "scsi_type": "pvscsi",
            "shutdown_wait_timeout": 3,
            "storage_policy_id": "",
            "swap_placement_policy": "inherit",
            "sync_time_with_host": false,
            "tags": [],
            "uuid": "421edf0b-06fc-2ca3-1016-b75f7286e9f7",
            "vapp": [],
            "vapp_transport": [],
            "vmware_tools_status": "guestToolsRunning",
            "vmx_path": "ks-kubeadm-002/ks-kubeadm-002.vmx",
            "wait_for_guest_ip_timeout": 0,
            "wait_for_guest_net_routable": true,
            "wait_for_guest_net_timeout": 5
          },
          "sensitive_attributes": [],
          "private": "eyJzY2hlbWFfdmVyc2lvbiI6IjMifQ==",
          "dependencies": [
            "data.vsphere_datastore.datastore",
            "data.vsphere_network.network_1",
            "data.vsphere_resource_pool.pool",
            "data.vsphere_virtual_machine.template",
            "tls_private_key.keygen"
          ]
        },
        {
          "index_key": 2,
          "schema_version": 3,
          "attributes": {
            "alternate_guest_name": "",
            "annotation": "",
            "boot_delay": 0,
            "boot_retry_delay": 10000,
            "boot_retry_enabled": false,
            "cdrom": [],
            "change_version": "2020-12-28T04:57:45.58615Z",
            "clone": [
              {
                "customize": [
                  {
                    "dns_server_list": [
                      "10.42.117.251"
                    ],
                    "dns_suffix_list": [],
                    "ipv4_gateway": "10.42.0.254",
                    "ipv6_gateway": "",
                    "linux_options": [
                      {
                        "domain": "ks-pic.local",
                        "host_name": "ks-kubeadm-003",
                        "hw_clock_utc": true,
                        "time_zone": ""
                      }
                    ],
                    "network_interface": [
                      {
                        "dns_domain": "",
                        "dns_server_list": [],
                        "ipv4_address": "10.42.117.123",
                        "ipv4_netmask": 16,
                        "ipv6_address": "",
                        "ipv6_netmask": 0
                      }
                    ],
                    "timeout": 10,
                    "windows_options": [],
                    "windows_sysprep_text": ""
                  }
                ],
                "linked_clone": false,
                "ovf_network_map": {},
                "ovf_storage_map": {},
                "template_uuid": "421eb2cc-c8ec-8042-a365-a456625d2759",
                "timeout": 30
              }
            ],
            "cpu_hot_add_enabled": false,
            "cpu_hot_remove_enabled": false,
            "cpu_limit": -1,
            "cpu_performance_counters_enabled": false,
            "cpu_reservation": 0,
            "cpu_share_count": 8000,
            "cpu_share_level": "normal",
            "custom_attributes": {},
            "datacenter_id": null,
            "datastore_cluster_id": null,
            "datastore_id": "datastore-420",
            "default_ip_address": "10.42.117.123",
            "disk": [
              {
                "attach": false,
                "controller_type": "scsi",
                "datastore_id": "datastore-420",
                "device_address": "scsi:0:0",
                "disk_mode": "persistent",
                "disk_sharing": "sharingNone",
                "eagerly_scrub": false,
                "io_limit": -1,
                "io_reservation": 0,
                "io_share_count": 1000,
                "io_share_level": "normal",
                "keep_on_remove": false,
                "key": 2000,
                "label": "disk1",
                "name": "",
                "path": "ks-kubeadm-003/ks-kubeadm-003.vmdk",
                "size": 120,
                "storage_policy_id": "",
                "thin_provisioned": true,
                "unit_number": 0,
                "uuid": "6000C29c-bdaa-1939-dc90-300990f39d6b",
                "write_through": false
              },
              {
                "attach": false,
                "controller_type": "scsi",
                "datastore_id": "datastore-420",
                "device_address": "scsi:0:1",
                "disk_mode": "persistent",
                "disk_sharing": "sharingNone",
                "eagerly_scrub": false,
                "io_limit": -1,
                "io_reservation": 0,
                "io_share_count": 1000,
                "io_share_level": "normal",
                "keep_on_remove": false,
                "key": 2001,
                "label": "disk0",
                "name": "",
                "path": "ks-kubeadm-003/ks-kubeadm-003_1.vmdk",
                "size": 100,
                "storage_policy_id": "",
                "thin_provisioned": true,
                "unit_number": 1,
                "uuid": "6000C29b-3731-59f4-6f16-88fcbe923427",
                "write_through": false
              }
            ],
            "efi_secure_boot_enabled": false,
            "enable_disk_uuid": false,
            "enable_logging": false,
            "ept_rvi_mode": "automatic",
            "extra_config": {},
            "firmware": "bios",
            "folder": "",
            "force_power_off": true,
            "guest_id": "centos7_64Guest",
            "guest_ip_addresses": [
              "192.168.156.64",
              "10.42.117.123",
              "fe80::250:56ff:fe9e:e1f8"
            ],
            "hardware_version": 14,
            "host_system_id": "host-96",
            "hv_mode": "hvAuto",
            "id": "421e8e16-5acd-1a34-09e4-1eaf35a9a4e7",
            "ide_controller_count": 2,
            "ignored_guest_ips": null,
            "imported": null,
            "latency_sensitivity": "normal",
            "memory": 16384,
            "memory_hot_add_enabled": false,
            "memory_limit": -1,
            "memory_reservation": 0,
            "memory_share_count": 163840,
            "memory_share_level": "normal",
            "migrate_wait_timeout": 30,
            "moid": "vm-1564",
            "name": "ks-kubeadm-003",
            "nested_hv_enabled": false,
            "network_interface": [
              {
                "adapter_type": "vmxnet3",
                "bandwidth_limit": -1,
                "bandwidth_reservation": 0,
                "bandwidth_share_count": 50,
                "bandwidth_share_level": "normal",
                "device_address": "pci:0:7",
                "key": 4000,
                "mac_address": "00:50:56:9e:e1:f8",
                "network_id": "network-27",
                "ovf_mapping": "",
                "use_static_mac": false
              }
            ],
            "num_cores_per_socket": 1,
            "num_cpus": 8,
            "ovf_deploy": [],
            "pci_device_id": [],
            "poweron_timeout": 300,
            "reboot_required": false,
            "resource_pool_id": "resgroup-879",
            "run_tools_scripts_after_power_on": true,
            "run_tools_scripts_after_resume": true,
            "run_tools_scripts_before_guest_reboot": false,
            "run_tools_scripts_before_guest_shutdown": true,
            "run_tools_scripts_before_guest_standby": true,
            "sata_controller_count": 0,
            "scsi_bus_sharing": "noSharing",
            "scsi_controller_count": 1,
            "scsi_type": "pvscsi",
            "shutdown_wait_timeout": 3,
            "storage_policy_id": "",
            "swap_placement_policy": "inherit",
            "sync_time_with_host": false,
            "tags": [],
            "uuid": "421e8e16-5acd-1a34-09e4-1eaf35a9a4e7",
            "vapp": [],
            "vapp_transport": [],
            "vmware_tools_status": "guestToolsRunning",
            "vmx_path": "ks-kubeadm-003/ks-kubeadm-003.vmx",
            "wait_for_guest_ip_timeout": 0,
            "wait_for_guest_net_routable": true,
            "wait_for_guest_net_timeout": 5
          },
          "sensitive_attributes": [],
          "private": "eyJzY2hlbWFfdmVyc2lvbiI6IjMifQ==",
          "dependencies": [
            "data.vsphere_datastore.datastore",
            "data.vsphere_network.network_1",
            "data.vsphere_resource_pool.pool",
            "data.vsphere_virtual_machine.template",
            "tls_private_key.keygen"
          ]
        },
        {
          "index_key": 3,
          "schema_version": 3,
          "attributes": {
            "alternate_guest_name": "",
            "annotation": "",
            "boot_delay": 0,
            "boot_retry_delay": 10000,
            "boot_retry_enabled": false,
            "cdrom": [],
            "change_version": "2020-12-28T04:57:29.368392Z",
            "clone": [
              {
                "customize": [
                  {
                    "dns_server_list": [
                      "10.42.117.251"
                    ],
                    "dns_suffix_list": [],
                    "ipv4_gateway": "10.42.0.254",
                    "ipv6_gateway": "",
                    "linux_options": [
                      {
                        "domain": "ks-pic.local",
                        "host_name": "ks-kubeadm-004",
                        "hw_clock_utc": true,
                        "time_zone": ""
                      }
                    ],
                    "network_interface": [
                      {
                        "dns_domain": "",
                        "dns_server_list": [],
                        "ipv4_address": "10.42.117.124",
                        "ipv4_netmask": 16,
                        "ipv6_address": "",
                        "ipv6_netmask": 0
                      }
                    ],
                    "timeout": 10,
                    "windows_options": [],
                    "windows_sysprep_text": ""
                  }
                ],
                "linked_clone": false,
                "ovf_network_map": {},
                "ovf_storage_map": {},
                "template_uuid": "421eb2cc-c8ec-8042-a365-a456625d2759",
                "timeout": 30
              }
            ],
            "cpu_hot_add_enabled": false,
            "cpu_hot_remove_enabled": false,
            "cpu_limit": -1,
            "cpu_performance_counters_enabled": false,
            "cpu_reservation": 0,
            "cpu_share_count": 8000,
            "cpu_share_level": "normal",
            "custom_attributes": {},
            "datacenter_id": null,
            "datastore_cluster_id": null,
            "datastore_id": "datastore-420",
            "default_ip_address": "10.42.117.124",
            "disk": [
              {
                "attach": false,
                "controller_type": "scsi",
                "datastore_id": "datastore-420",
                "device_address": "scsi:0:0",
                "disk_mode": "persistent",
                "disk_sharing": "sharingNone",
                "eagerly_scrub": false,
                "io_limit": -1,
                "io_reservation": 0,
                "io_share_count": 1000,
                "io_share_level": "normal",
                "keep_on_remove": false,
                "key": 2000,
                "label": "disk1",
                "name": "",
                "path": "ks-kubeadm-004/ks-kubeadm-004.vmdk",
                "size": 120,
                "storage_policy_id": "",
                "thin_provisioned": true,
                "unit_number": 0,
                "uuid": "6000C290-04f7-73dc-a5dc-39471aa97a9c",
                "write_through": false
              },
              {
                "attach": false,
                "controller_type": "scsi",
                "datastore_id": "datastore-420",
                "device_address": "scsi:0:1",
                "disk_mode": "persistent",
                "disk_sharing": "sharingNone",
                "eagerly_scrub": false,
                "io_limit": -1,
                "io_reservation": 0,
                "io_share_count": 1000,
                "io_share_level": "normal",
                "keep_on_remove": false,
                "key": 2001,
                "label": "disk0",
                "name": "",
                "path": "ks-kubeadm-004/ks-kubeadm-004_1.vmdk",
                "size": 100,
                "storage_policy_id": "",
                "thin_provisioned": true,
                "unit_number": 1,
                "uuid": "6000C293-9dcb-e7c9-2811-3be229242b28",
                "write_through": false
              }
            ],
            "efi_secure_boot_enabled": false,
            "enable_disk_uuid": false,
            "enable_logging": false,
            "ept_rvi_mode": "automatic",
            "extra_config": {},
            "firmware": "bios",
            "folder": "",
            "force_power_off": true,
            "guest_id": "centos7_64Guest",
            "guest_ip_addresses": [
              "fe80::ecee:eeff:feee:eeee",
              "fe80::ecee:eeff:feee:eeee",
              "10.42.117.124",
              "fe80::250:56ff:fe9e:f9df"
            ],
            "hardware_version": 14,
            "host_system_id": "host-96",
            "hv_mode": "hvAuto",
            "id": "421e35b1-de18-dbbd-3ebc-c313579ffae4",
            "ide_controller_count": 2,
            "ignored_guest_ips": null,
            "imported": null,
            "latency_sensitivity": "normal",
            "memory": 16384,
            "memory_hot_add_enabled": false,
            "memory_limit": -1,
            "memory_reservation": 0,
            "memory_share_count": 163840,
            "memory_share_level": "normal",
            "migrate_wait_timeout": 30,
            "moid": "vm-1567",
            "name": "ks-kubeadm-004",
            "nested_hv_enabled": false,
            "network_interface": [
              {
                "adapter_type": "vmxnet3",
                "bandwidth_limit": -1,
                "bandwidth_reservation": 0,
                "bandwidth_share_count": 50,
                "bandwidth_share_level": "normal",
                "device_address": "pci:0:7",
                "key": 4000,
                "mac_address": "00:50:56:9e:f9:df",
                "network_id": "network-27",
                "ovf_mapping": "",
                "use_static_mac": false
              }
            ],
            "num_cores_per_socket": 1,
            "num_cpus": 8,
            "ovf_deploy": [],
            "pci_device_id": [],
            "poweron_timeout": 300,
            "reboot_required": false,
            "resource_pool_id": "resgroup-879",
            "run_tools_scripts_after_power_on": true,
            "run_tools_scripts_after_resume": true,
            "run_tools_scripts_before_guest_reboot": false,
            "run_tools_scripts_before_guest_shutdown": true,
            "run_tools_scripts_before_guest_standby": true,
            "sata_controller_count": 0,
            "scsi_bus_sharing": "noSharing",
            "scsi_controller_count": 1,
            "scsi_type": "pvscsi",
            "shutdown_wait_timeout": 3,
            "storage_policy_id": "",
            "swap_placement_policy": "inherit",
            "sync_time_with_host": false,
            "tags": [],
            "uuid": "421e35b1-de18-dbbd-3ebc-c313579ffae4",
            "vapp": [],
            "vapp_transport": [],
            "vmware_tools_status": "guestToolsRunning",
            "vmx_path": "ks-kubeadm-004/ks-kubeadm-004.vmx",
            "wait_for_guest_ip_timeout": 0,
            "wait_for_guest_net_routable": true,
            "wait_for_guest_net_timeout": 5
          },
          "sensitive_attributes": [],
          "private": "eyJzY2hlbWFfdmVyc2lvbiI6IjMifQ==",
          "dependencies": [
            "data.vsphere_datastore.datastore",
            "data.vsphere_network.network_1",
            "data.vsphere_resource_pool.pool",
            "data.vsphere_virtual_machine.template",
            "tls_private_key.keygen"
          ]
        },
        {
          "index_key": 4,
          "schema_version": 3,
          "attributes": {
            "alternate_guest_name": "",
            "annotation": "",
            "boot_delay": 0,
            "boot_retry_delay": 10000,
            "boot_retry_enabled": false,
            "cdrom": [],
            "change_version": "2020-12-28T04:57:07.697131Z",
            "clone": [
              {
                "customize": [
                  {
                    "dns_server_list": [
                      "10.42.117.251"
                    ],
                    "dns_suffix_list": [],
                    "ipv4_gateway": "10.42.0.254",
                    "ipv6_gateway": "",
                    "linux_options": [
                      {
                        "domain": "ks-pic.local",
                        "host_name": "ks-kubeadm-005",
                        "hw_clock_utc": true,
                        "time_zone": ""
                      }
                    ],
                    "network_interface": [
                      {
                        "dns_domain": "",
                        "dns_server_list": [],
                        "ipv4_address": "10.42.117.125",
                        "ipv4_netmask": 16,
                        "ipv6_address": "",
                        "ipv6_netmask": 0
                      }
                    ],
                    "timeout": 10,
                    "windows_options": [],
                    "windows_sysprep_text": ""
                  }
                ],
                "linked_clone": false,
                "ovf_network_map": {},
                "ovf_storage_map": {},
                "template_uuid": "421eb2cc-c8ec-8042-a365-a456625d2759",
                "timeout": 30
              }
            ],
            "cpu_hot_add_enabled": false,
            "cpu_hot_remove_enabled": false,
            "cpu_limit": -1,
            "cpu_performance_counters_enabled": false,
            "cpu_reservation": 0,
            "cpu_share_count": 8000,
            "cpu_share_level": "normal",
            "custom_attributes": {},
            "datacenter_id": null,
            "datastore_cluster_id": null,
            "datastore_id": "datastore-420",
            "default_ip_address": "10.42.117.125",
            "disk": [
              {
                "attach": false,
                "controller_type": "scsi",
                "datastore_id": "datastore-420",
                "device_address": "scsi:0:0",
                "disk_mode": "persistent",
                "disk_sharing": "sharingNone",
                "eagerly_scrub": false,
                "io_limit": -1,
                "io_reservation": 0,
                "io_share_count": 1000,
                "io_share_level": "normal",
                "keep_on_remove": false,
                "key": 2000,
                "label": "disk1",
                "name": "",
                "path": "ks-kubeadm-005/ks-kubeadm-005.vmdk",
                "size": 120,
                "storage_policy_id": "",
                "thin_provisioned": true,
                "unit_number": 0,
                "uuid": "6000C29e-bc1c-e014-a2f1-f6c67840a21c",
                "write_through": false
              },
              {
                "attach": false,
                "controller_type": "scsi",
                "datastore_id": "datastore-420",
                "device_address": "scsi:0:1",
                "disk_mode": "persistent",
                "disk_sharing": "sharingNone",
                "eagerly_scrub": false,
                "io_limit": -1,
                "io_reservation": 0,
                "io_share_count": 1000,
                "io_share_level": "normal",
                "keep_on_remove": false,
                "key": 2001,
                "label": "disk0",
                "name": "",
                "path": "ks-kubeadm-005/ks-kubeadm-005_1.vmdk",
                "size": 100,
                "storage_policy_id": "",
                "thin_provisioned": true,
                "unit_number": 1,
                "uuid": "6000C29d-0ca4-3681-c0e9-8dc1cb1eb8e7",
                "write_through": false
              }
            ],
            "efi_secure_boot_enabled": false,
            "enable_disk_uuid": false,
            "enable_logging": false,
            "ept_rvi_mode": "automatic",
            "extra_config": {},
            "firmware": "bios",
            "folder": "",
            "force_power_off": true,
            "guest_id": "centos7_64Guest",
            "guest_ip_addresses": [
              "192.168.158.0",
              "10.42.117.125",
              "fe80::250:56ff:fe9e:d620"
            ],
            "hardware_version": 14,
            "host_system_id": "host-98",
            "hv_mode": "hvAuto",
            "id": "421ea1c2-4197-b76b-a0d0-de6ce7d3fa04",
            "ide_controller_count": 2,
            "ignored_guest_ips": null,
            "imported": null,
            "latency_sensitivity": "normal",
            "memory": 16384,
            "memory_hot_add_enabled": false,
            "memory_limit": -1,
            "memory_reservation": 0,
            "memory_share_count": 163840,
            "memory_share_level": "normal",
            "migrate_wait_timeout": 30,
            "moid": "vm-1568",
            "name": "ks-kubeadm-005",
            "nested_hv_enabled": false,
            "network_interface": [
              {
                "adapter_type": "vmxnet3",
                "bandwidth_limit": -1,
                "bandwidth_reservation": 0,
                "bandwidth_share_count": 50,
                "bandwidth_share_level": "normal",
                "device_address": "pci:0:7",
                "key": 4000,
                "mac_address": "00:50:56:9e:d6:20",
                "network_id": "network-27",
                "ovf_mapping": "",
                "use_static_mac": false
              }
            ],
            "num_cores_per_socket": 1,
            "num_cpus": 8,
            "ovf_deploy": [],
            "pci_device_id": [],
            "poweron_timeout": 300,
            "reboot_required": false,
            "resource_pool_id": "resgroup-879",
            "run_tools_scripts_after_power_on": true,
            "run_tools_scripts_after_resume": true,
            "run_tools_scripts_before_guest_reboot": false,
            "run_tools_scripts_before_guest_shutdown": true,
            "run_tools_scripts_before_guest_standby": true,
            "sata_controller_count": 0,
            "scsi_bus_sharing": "noSharing",
            "scsi_controller_count": 1,
            "scsi_type": "pvscsi",
            "shutdown_wait_timeout": 3,
            "storage_policy_id": "",
            "swap_placement_policy": "inherit",
            "sync_time_with_host": false,
            "tags": [],
            "uuid": "421ea1c2-4197-b76b-a0d0-de6ce7d3fa04",
            "vapp": [],
            "vapp_transport": [],
            "vmware_tools_status": "guestToolsRunning",
            "vmx_path": "ks-kubeadm-005/ks-kubeadm-005.vmx",
            "wait_for_guest_ip_timeout": 0,
            "wait_for_guest_net_routable": true,
            "wait_for_guest_net_timeout": 5
          },
          "sensitive_attributes": [],
          "private": "eyJzY2hlbWFfdmVyc2lvbiI6IjMifQ==",
          "dependencies": [
            "data.vsphere_datastore.datastore",
            "data.vsphere_network.network_1",
            "data.vsphere_resource_pool.pool",
            "data.vsphere_virtual_machine.template",
            "tls_private_key.keygen"
          ]
        },
        {
          "index_key": 5,
          "schema_version": 3,
          "attributes": {
            "alternate_guest_name": "",
            "annotation": "",
            "boot_delay": 0,
            "boot_retry_delay": 10000,
            "boot_retry_enabled": false,
            "cdrom": [],
            "change_version": "2020-12-28T04:56:41.628042Z",
            "clone": [
              {
                "customize": [
                  {
                    "dns_server_list": [
                      "10.42.117.251"
                    ],
                    "dns_suffix_list": [],
                    "ipv4_gateway": "10.42.0.254",
                    "ipv6_gateway": "",
                    "linux_options": [
                      {
                        "domain": "ks-pic.local",
                        "host_name": "ks-kubeadm-006",
                        "hw_clock_utc": true,
                        "time_zone": ""
                      }
                    ],
                    "network_interface": [
                      {
                        "dns_domain": "",
                        "dns_server_list": [],
                        "ipv4_address": "10.42.117.126",
                        "ipv4_netmask": 16,
                        "ipv6_address": "",
                        "ipv6_netmask": 0
                      }
                    ],
                    "timeout": 10,
                    "windows_options": [],
                    "windows_sysprep_text": ""
                  }
                ],
                "linked_clone": false,
                "ovf_network_map": {},
                "ovf_storage_map": {},
                "template_uuid": "421eb2cc-c8ec-8042-a365-a456625d2759",
                "timeout": 30
              }
            ],
            "cpu_hot_add_enabled": false,
            "cpu_hot_remove_enabled": false,
            "cpu_limit": -1,
            "cpu_performance_counters_enabled": false,
            "cpu_reservation": 0,
            "cpu_share_count": 8000,
            "cpu_share_level": "normal",
            "custom_attributes": {},
            "datacenter_id": null,
            "datastore_cluster_id": null,
            "datastore_id": "datastore-420",
            "default_ip_address": "10.42.117.126",
            "disk": [
              {
                "attach": false,
                "controller_type": "scsi",
                "datastore_id": "datastore-420",
                "device_address": "scsi:0:0",
                "disk_mode": "persistent",
                "disk_sharing": "sharingNone",
                "eagerly_scrub": false,
                "io_limit": -1,
                "io_reservation": 0,
                "io_share_count": 1000,
                "io_share_level": "normal",
                "keep_on_remove": false,
                "key": 2000,
                "label": "disk1",
                "name": "",
                "path": "ks-kubeadm-006/ks-kubeadm-006.vmdk",
                "size": 120,
                "storage_policy_id": "",
                "thin_provisioned": true,
                "unit_number": 0,
                "uuid": "6000C292-62e0-8a49-6acb-7d764ae467c9",
                "write_through": false
              },
              {
                "attach": false,
                "controller_type": "scsi",
                "datastore_id": "datastore-420",
                "device_address": "scsi:0:1",
                "disk_mode": "persistent",
                "disk_sharing": "sharingNone",
                "eagerly_scrub": false,
                "io_limit": -1,
                "io_reservation": 0,
                "io_share_count": 1000,
                "io_share_level": "normal",
                "keep_on_remove": false,
                "key": 2001,
                "label": "disk0",
                "name": "",
                "path": "ks-kubeadm-006/ks-kubeadm-006_1.vmdk",
                "size": 100,
                "storage_policy_id": "",
                "thin_provisioned": true,
                "unit_number": 1,
                "uuid": "6000C296-6771-49c5-6e40-01862b900fb6",
                "write_through": false
              }
            ],
            "efi_secure_boot_enabled": false,
            "enable_disk_uuid": false,
            "enable_logging": false,
            "ept_rvi_mode": "automatic",
            "extra_config": {},
            "firmware": "bios",
            "folder": "",
            "force_power_off": true,
            "guest_id": "centos7_64Guest",
            "guest_ip_addresses": [
              "fe80::ecee:eeff:feee:eeee",
              "fe80::ecee:eeff:feee:eeee",
              "fe80::ecee:eeff:feee:eeee",
              "10.42.117.126",
              "fe80::250:56ff:fe9e:5385"
            ],
            "hardware_version": 14,
            "host_system_id": "host-98",
            "hv_mode": "hvAuto",
            "id": "421e0a1d-40ff-79d9-3208-d4d6004ccc4c",
            "ide_controller_count": 2,
            "ignored_guest_ips": null,
            "imported": null,
            "latency_sensitivity": "normal",
            "memory": 16384,
            "memory_hot_add_enabled": false,
            "memory_limit": -1,
            "memory_reservation": 0,
            "memory_share_count": 163840,
            "memory_share_level": "normal",
            "migrate_wait_timeout": 30,
            "moid": "vm-1565",
            "name": "ks-kubeadm-006",
            "nested_hv_enabled": false,
            "network_interface": [
              {
                "adapter_type": "vmxnet3",
                "bandwidth_limit": -1,
                "bandwidth_reservation": 0,
                "bandwidth_share_count": 50,
                "bandwidth_share_level": "normal",
                "device_address": "pci:0:7",
                "key": 4000,
                "mac_address": "00:50:56:9e:53:85",
                "network_id": "network-27",
                "ovf_mapping": "",
                "use_static_mac": false
              }
            ],
            "num_cores_per_socket": 1,
            "num_cpus": 8,
            "ovf_deploy": [],
            "pci_device_id": [],
            "poweron_timeout": 300,
            "reboot_required": false,
            "resource_pool_id": "resgroup-879",
            "run_tools_scripts_after_power_on": true,
            "run_tools_scripts_after_resume": true,
            "run_tools_scripts_before_guest_reboot": false,
            "run_tools_scripts_before_guest_shutdown": true,
            "run_tools_scripts_before_guest_standby": true,
            "sata_controller_count": 0,
            "scsi_bus_sharing": "noSharing",
            "scsi_controller_count": 1,
            "scsi_type": "pvscsi",
            "shutdown_wait_timeout": 3,
            "storage_policy_id": "",
            "swap_placement_policy": "inherit",
            "sync_time_with_host": false,
            "tags": [],
            "uuid": "421e0a1d-40ff-79d9-3208-d4d6004ccc4c",
            "vapp": [],
            "vapp_transport": [],
            "vmware_tools_status": "guestToolsRunning",
            "vmx_path": "ks-kubeadm-006/ks-kubeadm-006.vmx",
            "wait_for_guest_ip_timeout": 0,
            "wait_for_guest_net_routable": true,
            "wait_for_guest_net_timeout": 5
          },
          "sensitive_attributes": [],
          "private": "eyJzY2hlbWFfdmVyc2lvbiI6IjMifQ==",
          "dependencies": [
            "data.vsphere_datastore.datastore",
            "data.vsphere_network.network_1",
            "data.vsphere_resource_pool.pool",
            "data.vsphere_virtual_machine.template",
            "tls_private_key.keygen"
          ]
        },
        {
          "index_key": 6,
          "schema_version": 3,
          "attributes": {
            "alternate_guest_name": "",
            "annotation": "",
            "boot_delay": 0,
            "boot_retry_delay": 10000,
            "boot_retry_enabled": false,
            "cdrom": [],
            "change_version": "2020-12-28T04:57:29.617767Z",
            "clone": [
              {
                "customize": [
                  {
                    "dns_server_list": [
                      "10.42.117.251"
                    ],
                    "dns_suffix_list": [],
                    "ipv4_gateway": "10.42.0.254",
                    "ipv6_gateway": "",
                    "linux_options": [
                      {
                        "domain": "ks-pic.local",
                        "host_name": "ks-kubeadm-007",
                        "hw_clock_utc": true,
                        "time_zone": ""
                      }
                    ],
                    "network_interface": [
                      {
                        "dns_domain": "",
                        "dns_server_list": [],
                        "ipv4_address": "10.42.117.127",
                        "ipv4_netmask": 16,
                        "ipv6_address": "",
                        "ipv6_netmask": 0
                      }
                    ],
                    "timeout": 10,
                    "windows_options": [],
                    "windows_sysprep_text": ""
                  }
                ],
                "linked_clone": false,
                "ovf_network_map": {},
                "ovf_storage_map": {},
                "template_uuid": "421eb2cc-c8ec-8042-a365-a456625d2759",
                "timeout": 30
              }
            ],
            "cpu_hot_add_enabled": false,
            "cpu_hot_remove_enabled": false,
            "cpu_limit": -1,
            "cpu_performance_counters_enabled": false,
            "cpu_reservation": 0,
            "cpu_share_count": 8000,
            "cpu_share_level": "normal",
            "custom_attributes": {},
            "datacenter_id": null,
            "datastore_cluster_id": null,
            "datastore_id": "datastore-420",
            "default_ip_address": "10.42.117.127",
            "disk": [
              {
                "attach": false,
                "controller_type": "scsi",
                "datastore_id": "datastore-420",
                "device_address": "scsi:0:0",
                "disk_mode": "persistent",
                "disk_sharing": "sharingNone",
                "eagerly_scrub": false,
                "io_limit": -1,
                "io_reservation": 0,
                "io_share_count": 1000,
                "io_share_level": "normal",
                "keep_on_remove": false,
                "key": 2000,
                "label": "disk1",
                "name": "",
                "path": "ks-kubeadm-007/ks-kubeadm-007.vmdk",
                "size": 120,
                "storage_policy_id": "",
                "thin_provisioned": true,
                "unit_number": 0,
                "uuid": "6000C290-5b73-b4e6-84e8-66d56450d735",
                "write_through": false
              },
              {
                "attach": false,
                "controller_type": "scsi",
                "datastore_id": "datastore-420",
                "device_address": "scsi:0:1",
                "disk_mode": "persistent",
                "disk_sharing": "sharingNone",
                "eagerly_scrub": false,
                "io_limit": -1,
                "io_reservation": 0,
                "io_share_count": 1000,
                "io_share_level": "normal",
                "keep_on_remove": false,
                "key": 2001,
                "label": "disk0",
                "name": "",
                "path": "ks-kubeadm-007/ks-kubeadm-007_1.vmdk",
                "size": 100,
                "storage_policy_id": "",
                "thin_provisioned": true,
                "unit_number": 1,
                "uuid": "6000C295-6eea-5d1b-0abd-b7ced13e3c14",
                "write_through": false
              }
            ],
            "efi_secure_boot_enabled": false,
            "enable_disk_uuid": false,
            "enable_logging": false,
            "ept_rvi_mode": "automatic",
            "extra_config": {},
            "firmware": "bios",
            "folder": "",
            "force_power_off": true,
            "guest_id": "centos7_64Guest",
            "guest_ip_addresses": [
              "10.42.117.127",
              "fe80::250:56ff:fe9e:4811"
            ],
            "hardware_version": 14,
            "host_system_id": "host-96",
            "hv_mode": "hvAuto",
            "id": "421ebf9a-79c8-7330-7df7-8d1056975d33",
            "ide_controller_count": 2,
            "ignored_guest_ips": null,
            "imported": null,
            "latency_sensitivity": "normal",
            "memory": 16384,
            "memory_hot_add_enabled": false,
            "memory_limit": -1,
            "memory_reservation": 0,
            "memory_share_count": 163840,
            "memory_share_level": "normal",
            "migrate_wait_timeout": 30,
            "moid": "vm-1566",
            "name": "ks-kubeadm-007",
            "nested_hv_enabled": false,
            "network_interface": [
              {
                "adapter_type": "vmxnet3",
                "bandwidth_limit": -1,
                "bandwidth_reservation": 0,
                "bandwidth_share_count": 50,
                "bandwidth_share_level": "normal",
                "device_address": "pci:0:7",
                "key": 4000,
                "mac_address": "00:50:56:9e:48:11",
                "network_id": "network-27",
                "ovf_mapping": "",
                "use_static_mac": false
              }
            ],
            "num_cores_per_socket": 1,
            "num_cpus": 8,
            "ovf_deploy": [],
            "pci_device_id": [],
            "poweron_timeout": 300,
            "reboot_required": false,
            "resource_pool_id": "resgroup-879",
            "run_tools_scripts_after_power_on": true,
            "run_tools_scripts_after_resume": true,
            "run_tools_scripts_before_guest_reboot": false,
            "run_tools_scripts_before_guest_shutdown": true,
            "run_tools_scripts_before_guest_standby": true,
            "sata_controller_count": 0,
            "scsi_bus_sharing": "noSharing",
            "scsi_controller_count": 1,
            "scsi_type": "pvscsi",
            "shutdown_wait_timeout": 3,
            "storage_policy_id": "",
            "swap_placement_policy": "inherit",
            "sync_time_with_host": false,
            "tags": [],
            "uuid": "421ebf9a-79c8-7330-7df7-8d1056975d33",
            "vapp": [],
            "vapp_transport": [],
            "vmware_tools_status": "guestToolsRunning",
            "vmx_path": "ks-kubeadm-007/ks-kubeadm-007.vmx",
            "wait_for_guest_ip_timeout": 0,
            "wait_for_guest_net_routable": true,
            "wait_for_guest_net_timeout": 5
          },
          "sensitive_attributes": [],
          "private": "eyJzY2hlbWFfdmVyc2lvbiI6IjMifQ==",
          "dependencies": [
            "data.vsphere_datastore.datastore",
            "data.vsphere_network.network_1",
            "data.vsphere_resource_pool.pool",
            "data.vsphere_virtual_machine.template",
            "tls_private_key.keygen"
          ]
        }
      ]
    }
  ]
}
